<?xml version="1.0" encoding="utf-8"?>
<Project ToolsVersion="17.0" xmlns="http://schemas.microsoft.com/developer/msbuild/2003">
  <ItemGroup>
    <ClCompile Include="C:\Users\tommy\Documents\GitHub\video-game-physics-engine\src\main.cpp">
      <Filter>Source Files</Filter>
    </ClCompile>
    <ClCompile Include="C:\Users\tommy\Documents\GitHub\video-game-physics-engine\src\math\vector3D.cpp">
      <Filter>Source Files</Filter>
    </ClCompile>
    <ClCompile Include="C:\Users\tommy\Documents\GitHub\video-game-physics-engine\src\physics_engine\particule.cpp">
      <Filter>Source Files</Filter>
    </ClCompile>
    <ClCompile Include="C:\Users\tommy\Documents\GitHub\video-game-physics-engine\src\physics_engine\physic_world.cpp">
      <Filter>Source Files</Filter>
    </ClCompile>
    <ClCompile Include="C:\Users\tommy\Documents\GitHub\video-game-physics-engine\src\vulkan_renderer\vulkan_renderer_init.cpp">
      <Filter>Source Files</Filter>
    </ClCompile>
    <ClCompile Include="C:\Users\tommy\Documents\GitHub\video-game-physics-engine\src\vulkan_renderer\vulkan_renderer_cleanup.cpp">
      <Filter>Source Files</Filter>
    </ClCompile>
    <ClCompile Include="C:\Users\tommy\Documents\GitHub\video-game-physics-engine\src\vulkan_renderer\vulkan_renderer_update.cpp">
      <Filter>Source Files</Filter>
    </ClCompile>
    <ClCompile Include="C:\Users\tommy\Documents\GitHub\video-game-physics-engine\src\vulkan_renderer\vulkan_renderer_debug.cpp">
      <Filter>Source Files</Filter>
    </ClCompile>
    <ClCompile Include="C:\Users\tommy\Documents\GitHub\video-game-physics-engine\src\vulkan_renderer\ui.cpp">
      <Filter>Source Files</Filter>
    </ClCompile>
    <ClCompile Include="C:\Users\tommy\Documents\GitHub\video-game-physics-engine\src\vulkan_renderer\renderer_utils.cpp">
      <Filter>Source Files</Filter>
    </ClCompile>
  </ItemGroup>
  <ItemGroup>
    <ClInclude Include="C:\Users\tommy\Documents\GitHub\video-game-physics-engine\include\math\vector3D.hpp">
      <Filter>Header Files</Filter>
    </ClInclude>
    <ClInclude Include="C:\Users\tommy\Documents\GitHub\video-game-physics-engine\include\physics_engine\particule.hpp">
      <Filter>Header Files</Filter>
    </ClInclude>
    <ClInclude Include="C:\Users\tommy\Documents\GitHub\video-game-physics-engine\include\physics_engine\physic_world.hpp">
      <Filter>Header Files</Filter>
    </ClInclude>
    <ClInclude Include="C:\Users\tommy\Documents\GitHub\video-game-physics-engine\include\vulkan_renderer\vulkan_renderer.hpp">
      <Filter>Header Files</Filter>
    </ClInclude>
    <ClInclude Include="C:\Users\tommy\Documents\GitHub\video-game-physics-engine\include\vulkan_renderer\ui.hpp">
      <Filter>Header Files</Filter>
    </ClInclude>
    <ClInclude Include="C:\Users\tommy\Documents\GitHub\video-game-physics-engine\include\vulkan_renderer\renderer_utils.hpp">
      <Filter>Header Files</Filter>
    </ClInclude>
  </ItemGroup>
  <ItemGroup>
    <CustomBuild Include="C:\Users\tommy\Documents\GitHub\video-game-physics-engine\CMakeLists.txt" />
  </ItemGroup>
  <ItemGroup>
    <Filter Include="Header Files">
      <UniqueIdentifier>{24F0CB93-D770-37BD-92C6-2F4483172C9E}</UniqueIdentifier>
    </Filter>
    <Filter Include="Source Files">
      <UniqueIdentifier>{DF868368-55DF-37AF-B126-F77E2253AD32}</UniqueIdentifier>
    </Filter>
  </ItemGroup>
</Project>
