<?xml version="1.0" encoding="utf-8"?>
<Project ToolsVersion="17.0" xmlns="http://schemas.microsoft.com/developer/msbuild/2003">
  <ItemGroup>
    <CustomBuild Include="C:\Users\tommy\Documents\GitHub\video-game-physics-engine\CMakeFiles\15750d289db010178e341f95c569f13c\shader.frag.spv.rule">
      <Filter>CMake Rules</Filter>
    </CustomBuild>
    <CustomBuild Include="C:\Users\tommy\Documents\GitHub\video-game-physics-engine\CMakeFiles\15750d289db010178e341f95c569f13c\shader.vert.spv.rule">
      <Filter>CMake Rules</Filter>
    </CustomBuild>
    <CustomBuild Include="C:\Users\tommy\Documents\GitHub\video-game-physics-engine\CMakeFiles\f3bd7831b46612ed1aeb903159b6a02d\shaders.rule">
      <Filter>CMake Rules</Filter>
    </CustomBuild>
    <CustomBuild Include="C:\Users\tommy\Documents\GitHub\video-game-physics-engine\CMakeLists.txt" />
  </ItemGroup>
  <ItemGroup>
    <None Include="C:\Users\tommy\Documents\GitHub\video-game-physics-engine\CMakeFiles\shaders" />
  </ItemGroup>
  <ItemGroup>
    <Filter Include="CMake Rules">
      <UniqueIdentifier>{47DC4E06-D350-35C4-82CD-24D7AC7E5B9A}</UniqueIdentifier>
    </Filter>
  </ItemGroup>
</Project>
